
Microsoft Visual Studio Solution File, Format Version 12.00
# Visual Studio Version 17
VisualStudioVersion = 17.7.34221.43
MinimumVisualStudioVersion = 10.0.40219.1
Project("{FAE04EC0-301F-11D3-BF4B-00C04F79EFBC}") = "Task2", "Task2.csproj", "{901674D9-6ABF-479A-972A-DEAD4B399658}"
EndProject
Global
	GlobalSection(SolutionConfigurationPlatforms) = preSolution
		Debug|Any CPU = Debug|Any CPU
		Release|Any CPU = Release|Any CPU
	EndGlobalSection
	GlobalSection(ProjectConfigurationPlatforms) = postSolution
		{901674D9-6ABF-479A-972A-DEAD4B399658}.Debug|Any CPU.ActiveCfg = Debug|Any CPU
		{901674D9-6ABF-479A-972A-DEAD4B399658}.Debug|Any CPU.Build.0 = Debug|Any CPU
		{901674D9-6ABF-479A-972A-DEAD4B399658}.Release|Any CPU.ActiveCfg = Release|Any CPU
		{901674D9-6ABF-479A-972A-DEAD4B399658}.Release|Any CPU.Build.0 = Release|Any CPU
	EndGlobalSection
	GlobalSection(SolutionProperties) = preSolution
		HideSolutionNode = FALSE
	EndGlobalSection
	GlobalSection(ExtensibilityGlobals) = postSolution
		SolutionGuid = {87902676-BBBD-48F2-BE25-1FA3F8675F8D}
	EndGlobalSection
EndGlobal
